
Microsoft Visual Studio Solution File, Format Version 12.00
Project("{FAE04EC0-301F-11D3-BF4B-00C04F79EFBC}") = "ExcelExport", "ExcelExport\ExcelExport.csproj", "{049680FD-87EC-49B2-A321-F8BCB4215032}"
EndProject
Project("{FAE04EC0-301F-11D3-BF4B-00C04F79EFBC}") = "ProtobufLib", "ProtobufLib\ProtobufLib.csproj", "{4782C4FD-F186-43E6-83DE-BA59C3929115}"
EndProject
Global
	GlobalSection(SolutionConfigurationPlatforms) = preSolution
		Debug|Any CPU = Debug|Any CPU
		Release|Any CPU = Release|Any CPU
	EndGlobalSection
	GlobalSection(ProjectConfigurationPlatforms) = postSolution
		{049680FD-87EC-49B2-A321-F8BCB4215032}.Debug|Any CPU.ActiveCfg = Debug|Any CPU
		{049680FD-87EC-49B2-A321-F8BCB4215032}.Debug|Any CPU.Build.0 = Debug|Any CPU
		{049680FD-87EC-49B2-A321-F8BCB4215032}.Release|Any CPU.ActiveCfg = Release|Any CPU
		{049680FD-87EC-49B2-A321-F8BCB4215032}.Release|Any CPU.Build.0 = Release|Any CPU
		{4782C4FD-F186-43E6-83DE-BA59C3929115}.Debug|Any CPU.ActiveCfg = Debug|Any CPU
		{4782C4FD-F186-43E6-83DE-BA59C3929115}.Debug|Any CPU.Build.0 = Debug|Any CPU
		{4782C4FD-F186-43E6-83DE-BA59C3929115}.Release|Any CPU.ActiveCfg = Release|Any CPU
		{4782C4FD-F186-43E6-83DE-BA59C3929115}.Release|Any CPU.Build.0 = Release|Any CPU
	EndGlobalSection
EndGlobal
